// !$*UTF8*$!
{
	archiveVersion = 1;
	classes = {
	};
	objectVersion = 56;
	objects = {

/* Begin PBXBuildFile section */
		4AA045A0D527B1526571C9AF /* Pods_HalftimePick_HalftimePickUITests.framework in Frameworks */ = {isa = PBXBuildFile; fileRef = DFA5826DF52D2F6E7862AE04 /* Pods_HalftimePick_HalftimePickUITests.framework */; };
		B526A59BF845EC3D8CB41B86 /* Pods_HalftimePickTests.framework in Frameworks */ = {isa = PBXBuildFile; fileRef = DF8DC730DE02F63EFAAE023F /* Pods_HalftimePickTests.framework */; };
		CA1A0F9329C6EAAE009C93C5 /* sportsCell.swift in Sources */ = {isa = PBXBuildFile; fileRef = CA1A0F9229C6EAAE009C93C5 /* sportsCell.swift */; };
		CA1CC60329C2476800B45DF1 /* Product.swift in Sources */ = {isa = PBXBuildFile; fileRef = CA1CC5FF29C2476700B45DF1 /* Product.swift */; };
		CA1CC60429C2476800B45DF1 /* ProductCell.swift in Sources */ = {isa = PBXBuildFile; fileRef = CA1CC60029C2476800B45DF1 /* ProductCell.swift */; };
		CA1CC60529C2476800B45DF1 /* Extension.swift in Sources */ = {isa = PBXBuildFile; fileRef = CA1CC60129C2476800B45DF1 /* Extension.swift */; };
		CA1CC60629C2476800B45DF1 /* PickViewController.swift in Sources */ = {isa = PBXBuildFile; fileRef = CA1CC60229C2476800B45DF1 /* PickViewController.swift */; };
		CA1CC60829C24ACF00B45DF1 /* NewsDetailTableViewCell.swift in Sources */ = {isa = PBXBuildFile; fileRef = CA1CC60729C24ACF00B45DF1 /* NewsDetailTableViewCell.swift */; };
		CA46DE6D29CC5A6600627B4E /* newsListView.swift in Sources */ = {isa = PBXBuildFile; fileRef = CA46DE6C29CC5A6600627B4E /* newsListView.swift */; };
		CA5C694629CB0F2A000CF797 /* NewsCollectionViewCell.swift in Sources */ = {isa = PBXBuildFile; fileRef = CA5C694529CB0F2A000CF797 /* NewsCollectionViewCell.swift */; };
		CA7D6DFC299CAC1D0002DC30 /* homeApi.swift in Sources */ = {isa = PBXBuildFile; fileRef = CA7D6DFB299CAC1C0002DC30 /* homeApi.swift */; };
		CA7D6DFF299CAC6C0002DC30 /* HomeModel.swift in Sources */ = {isa = PBXBuildFile; fileRef = CA7D6DFE299CAC6C0002DC30 /* HomeModel.swift */; };
		CA7D6E02299CF7E20002DC30 /* ScoreTableViewCell.swift in Sources */ = {isa = PBXBuildFile; fileRef = CA7D6E00299CF7E20002DC30 /* ScoreTableViewCell.swift */; };
		CA7D6E03299CF7E20002DC30 /* ScoreTableViewCell.xib in Resources */ = {isa = PBXBuildFile; fileRef = CA7D6E01299CF7E20002DC30 /* ScoreTableViewCell.xib */; };
		CA8CC7C129A38D66006054EB /* CustomSegmentedControl.swift in Sources */ = {isa = PBXBuildFile; fileRef = CA8CC7C029A38D66006054EB /* CustomSegmentedControl.swift */; };
		CA9F81F229C885B300703224 /* livegame.swift in Sources */ = {isa = PBXBuildFile; fileRef = CA9F81F129C885B300703224 /* livegame.swift */; };
		CAA4F2FA29B3816C00D8252F /* CompositionalLayout.swift in Sources */ = {isa = PBXBuildFile; fileRef = CAA4F2F929B3816C00D8252F /* CompositionalLayout.swift */; };
		CAAE6E94299B75F800BC6EF2 /* gamelistTableViewCell.swift in Sources */ = {isa = PBXBuildFile; fileRef = CAAE6E92299B75F800BC6EF2 /* gamelistTableViewCell.swift */; };
		CAAE6E95299B75F800BC6EF2 /* gamelistTableViewCell.xib in Resources */ = {isa = PBXBuildFile; fileRef = CAAE6E93299B75F800BC6EF2 /* gamelistTableViewCell.xib */; };
		CABEF2912998CEF900751299 /* AppDelegate.swift in Sources */ = {isa = PBXBuildFile; fileRef = CABEF2902998CEF900751299 /* AppDelegate.swift */; };
		CABEF2932998CEF900751299 /* SceneDelegate.swift in Sources */ = {isa = PBXBuildFile; fileRef = CABEF2922998CEF900751299 /* SceneDelegate.swift */; };
		CABEF2952998CEF900751299 /* ViewController.swift in Sources */ = {isa = PBXBuildFile; fileRef = CABEF2942998CEF900751299 /* ViewController.swift */; };
		CABEF2982998CEF900751299 /* Main.storyboard in Resources */ = {isa = PBXBuildFile; fileRef = CABEF2962998CEF900751299 /* Main.storyboard */; };
		CABEF29A2998CEFA00751299 /* Assets.xcassets in Resources */ = {isa = PBXBuildFile; fileRef = CABEF2992998CEFA00751299 /* Assets.xcassets */; };
		CABEF29D2998CEFA00751299 /* LaunchScreen.storyboard in Resources */ = {isa = PBXBuildFile; fileRef = CABEF29B2998CEFA00751299 /* LaunchScreen.storyboard */; };
		CABEF2A82998CEFA00751299 /* HalftimePickTests.swift in Sources */ = {isa = PBXBuildFile; fileRef = CABEF2A72998CEFA00751299 /* HalftimePickTests.swift */; };
		CABEF2B22998CEFA00751299 /* HalftimePickUITests.swift in Sources */ = {isa = PBXBuildFile; fileRef = CABEF2B12998CEFA00751299 /* HalftimePickUITests.swift */; };
		CABEF2B42998CEFA00751299 /* HalftimePickUITestsLaunchTests.swift in Sources */ = {isa = PBXBuildFile; fileRef = CABEF2B32998CEFA00751299 /* HalftimePickUITestsLaunchTests.swift */; };
		CABEF2C32998E87B00751299 /* TabBarController.swift in Sources */ = {isa = PBXBuildFile; fileRef = CABEF2C22998E87B00751299 /* TabBarController.swift */; };
		CABEF2C72998EB5B00751299 /* HomeViewController.swift in Sources */ = {isa = PBXBuildFile; fileRef = CABEF2C62998EB5B00751299 /* HomeViewController.swift */; };
		CABEF2CB2998EBB000751299 /* NewsViewController.swift in Sources */ = {isa = PBXBuildFile; fileRef = CABEF2CA2998EBB000751299 /* NewsViewController.swift */; };
		CABEF2CD2998EBBA00751299 /* ScoreViewController.swift in Sources */ = {isa = PBXBuildFile; fileRef = CABEF2CC2998EBBA00751299 /* ScoreViewController.swift */; };
		CABEF2D529996E5700751299 /* appbar.swift in Sources */ = {isa = PBXBuildFile; fileRef = CABEF2D429996E5700751299 /* appbar.swift */; };
		CABF198C29A5E4BC0048BE2C /* SportsListViewController.swift in Sources */ = {isa = PBXBuildFile; fileRef = CABF198B29A5E4BC0048BE2C /* SportsListViewController.swift */; };
		CADFD7E029C0982100EEA16D /* StoryCollectionViewCell.swift in Sources */ = {isa = PBXBuildFile; fileRef = CADFD7DF29C0982100EEA16D /* StoryCollectionViewCell.swift */; };
		CAEBB1F829BC924C00CF3958 /* customview.swift in Sources */ = {isa = PBXBuildFile; fileRef = CAEBB1F729BC924C00CF3958 /* customview.swift */; };
		CAF7D93029B4729F009CE22D /* SportsDetailViewController.swift in Sources */ = {isa = PBXBuildFile; fileRef = CAF7D92F29B4729F009CE22D /* SportsDetailViewController.swift */; };
		FE96923252EBF7E8AB32AE8C /* Pods_HalftimePick.framework in Frameworks */ = {isa = PBXBuildFile; fileRef = CB187C9DCAE5DAAC523BF1CE /* Pods_HalftimePick.framework */; };
/* End PBXBuildFile section */

/* Begin PBXContainerItemProxy section */
		CABEF2A42998CEFA00751299 /* PBXContainerItemProxy */ = {
			isa = PBXContainerItemProxy;
			containerPortal = CABEF2852998CEF900751299 /* Project object */;
			proxyType = 1;
			remoteGlobalIDString = CABEF28C2998CEF900751299;
			remoteInfo = HalftimePick;
		};
		CABEF2AE2998CEFA00751299 /* PBXContainerItemProxy */ = {
			isa = PBXContainerItemProxy;
			containerPortal = CABEF2852998CEF900751299 /* Project object */;
			proxyType = 1;
			remoteGlobalIDString = CABEF28C2998CEF900751299;
			remoteInfo = HalftimePick;
		};
/* End PBXContainerItemProxy section */

/* Begin PBXFileReference section */
		84942F533A100B2030D2116F /* Pods-HalftimePickTests.release.xcconfig */ = {isa = PBXFileReference; includeInIndex = 1; lastKnownFileType = text.xcconfig; name = "Pods-HalftimePickTests.release.xcconfig"; path = "Target Support Files/Pods-HalftimePickTests/Pods-HalftimePickTests.release.xcconfig"; sourceTree = "<group>"; };
		92E1E21ECC91F4245BFDEB44 /* Pods-HalftimePick-HalftimePickUITests.debug.xcconfig */ = {isa = PBXFileReference; includeInIndex = 1; lastKnownFileType = text.xcconfig; name = "Pods-HalftimePick-HalftimePickUITests.debug.xcconfig"; path = "Target Support Files/Pods-HalftimePick-HalftimePickUITests/Pods-HalftimePick-HalftimePickUITests.debug.xcconfig"; sourceTree = "<group>"; };
		944BE96AE639543B8D477030 /* Pods-HalftimePick.debug.xcconfig */ = {isa = PBXFileReference; includeInIndex = 1; lastKnownFileType = text.xcconfig; name = "Pods-HalftimePick.debug.xcconfig"; path = "Target Support Files/Pods-HalftimePick/Pods-HalftimePick.debug.xcconfig"; sourceTree = "<group>"; };
		AC584F2CE1F22957E3D1BA28 /* Pods-HalftimePick.release.xcconfig */ = {isa = PBXFileReference; includeInIndex = 1; lastKnownFileType = text.xcconfig; name = "Pods-HalftimePick.release.xcconfig"; path = "Target Support Files/Pods-HalftimePick/Pods-HalftimePick.release.xcconfig"; sourceTree = "<group>"; };
		CA1A0F9229C6EAAE009C93C5 /* sportsCell.swift */ = {isa = PBXFileReference; lastKnownFileType = sourcecode.swift; path = sportsCell.swift; sourceTree = "<group>"; };
		CA1CC5FF29C2476700B45DF1 /* Product.swift */ = {isa = PBXFileReference; fileEncoding = 4; lastKnownFileType = sourcecode.swift; path = Product.swift; sourceTree = "<group>"; };
		CA1CC60029C2476800B45DF1 /* ProductCell.swift */ = {isa = PBXFileReference; fileEncoding = 4; lastKnownFileType = sourcecode.swift; path = ProductCell.swift; sourceTree = "<group>"; };
		CA1CC60129C2476800B45DF1 /* Extension.swift */ = {isa = PBXFileReference; fileEncoding = 4; lastKnownFileType = sourcecode.swift; path = Extension.swift; sourceTree = "<group>"; };
		CA1CC60229C2476800B45DF1 /* PickViewController.swift */ = {isa = PBXFileReference; fileEncoding = 4; lastKnownFileType = sourcecode.swift; path = PickViewController.swift; sourceTree = "<group>"; };
		CA1CC60729C24ACF00B45DF1 /* NewsDetailTableViewCell.swift */ = {isa = PBXFileReference; lastKnownFileType = sourcecode.swift; path = NewsDetailTableViewCell.swift; sourceTree = "<group>"; };
		CA46DE6C29CC5A6600627B4E /* newsListView.swift */ = {isa = PBXFileReference; lastKnownFileType = sourcecode.swift; path = newsListView.swift; sourceTree = "<group>"; };
		CA5C694529CB0F2A000CF797 /* NewsCollectionViewCell.swift */ = {isa = PBXFileReference; lastKnownFileType = sourcecode.swift; path = NewsCollectionViewCell.swift; sourceTree = "<group>"; };
		CA7D6DFB299CAC1C0002DC30 /* homeApi.swift */ = {isa = PBXFileReference; lastKnownFileType = sourcecode.swift; path = homeApi.swift; sourceTree = "<group>"; };
		CA7D6DFE299CAC6C0002DC30 /* HomeModel.swift */ = {isa = PBXFileReference; lastKnownFileType = sourcecode.swift; path = HomeModel.swift; sourceTree = "<group>"; };
		CA7D6E00299CF7E20002DC30 /* ScoreTableViewCell.swift */ = {isa = PBXFileReference; lastKnownFileType = sourcecode.swift; path = ScoreTableViewCell.swift; sourceTree = "<group>"; };
		CA7D6E01299CF7E20002DC30 /* ScoreTableViewCell.xib */ = {isa = PBXFileReference; lastKnownFileType = file.xib; path = ScoreTableViewCell.xib; sourceTree = "<group>"; };
		CA8CC7C029A38D66006054EB /* CustomSegmentedControl.swift */ = {isa = PBXFileReference; fileEncoding = 4; lastKnownFileType = sourcecode.swift; path = CustomSegmentedControl.swift; sourceTree = "<group>"; };
		CA9F81F129C885B300703224 /* livegame.swift */ = {isa = PBXFileReference; lastKnownFileType = sourcecode.swift; path = livegame.swift; sourceTree = "<group>"; };
		CAA4F2F929B3816C00D8252F /* CompositionalLayout.swift */ = {isa = PBXFileReference; fileEncoding = 4; lastKnownFileType = sourcecode.swift; name = CompositionalLayout.swift; path = "../../../../../../Downloads/ios-tutorials-compositional-layout/CompositionalLayout/CompositionalLayout.swift"; sourceTree = "<group>"; };
		CAAE6E92299B75F800BC6EF2 /* gamelistTableViewCell.swift */ = {isa = PBXFileReference; lastKnownFileType = sourcecode.swift; path = gamelistTableViewCell.swift; sourceTree = "<group>"; };
		CAAE6E93299B75F800BC6EF2 /* gamelistTableViewCell.xib */ = {isa = PBXFileReference; lastKnownFileType = file.xib; path = gamelistTableViewCell.xib; sourceTree = "<group>"; };
		CABEF28D2998CEF900751299 /* HalftimePick.app */ = {isa = PBXFileReference; explicitFileType = wrapper.application; includeInIndex = 0; path = HalftimePick.app; sourceTree = BUILT_PRODUCTS_DIR; };
		CABEF2902998CEF900751299 /* AppDelegate.swift */ = {isa = PBXFileReference; lastKnownFileType = sourcecode.swift; path = AppDelegate.swift; sourceTree = "<group>"; };
		CABEF2922998CEF900751299 /* SceneDelegate.swift */ = {isa = PBXFileReference; lastKnownFileType = sourcecode.swift; path = SceneDelegate.swift; sourceTree = "<group>"; };
		CABEF2942998CEF900751299 /* ViewController.swift */ = {isa = PBXFileReference; lastKnownFileType = sourcecode.swift; path = ViewController.swift; sourceTree = "<group>"; };
		CABEF2972998CEF900751299 /* Base */ = {isa = PBXFileReference; lastKnownFileType = file.storyboard; name = Base; path = Base.lproj/Main.storyboard; sourceTree = "<group>"; };
		CABEF2992998CEFA00751299 /* Assets.xcassets */ = {isa = PBXFileReference; lastKnownFileType = folder.assetcatalog; path = Assets.xcassets; sourceTree = "<group>"; };
		CABEF29C2998CEFA00751299 /* Base */ = {isa = PBXFileReference; lastKnownFileType = file.storyboard; name = Base; path = Base.lproj/LaunchScreen.storyboard; sourceTree = "<group>"; };
		CABEF29E2998CEFA00751299 /* Info.plist */ = {isa = PBXFileReference; lastKnownFileType = text.plist.xml; path = Info.plist; sourceTree = "<group>"; };
		CABEF2A32998CEFA00751299 /* HalftimePickTests.xctest */ = {isa = PBXFileReference; explicitFileType = wrapper.cfbundle; includeInIndex = 0; path = HalftimePickTests.xctest; sourceTree = BUILT_PRODUCTS_DIR; };
		CABEF2A72998CEFA00751299 /* HalftimePickTests.swift */ = {isa = PBXFileReference; lastKnownFileType = sourcecode.swift; path = HalftimePickTests.swift; sourceTree = "<group>"; };
		CABEF2AD2998CEFA00751299 /* HalftimePickUITests.xctest */ = {isa = PBXFileReference; explicitFileType = wrapper.cfbundle; includeInIndex = 0; path = HalftimePickUITests.xctest; sourceTree = BUILT_PRODUCTS_DIR; };
		CABEF2B12998CEFA00751299 /* HalftimePickUITests.swift */ = {isa = PBXFileReference; lastKnownFileType = sourcecode.swift; path = HalftimePickUITests.swift; sourceTree = "<group>"; };
		CABEF2B32998CEFA00751299 /* HalftimePickUITestsLaunchTests.swift */ = {isa = PBXFileReference; lastKnownFileType = sourcecode.swift; path = HalftimePickUITestsLaunchTests.swift; sourceTree = "<group>"; };
		CABEF2C22998E87B00751299 /* TabBarController.swift */ = {isa = PBXFileReference; lastKnownFileType = sourcecode.swift; path = TabBarController.swift; sourceTree = "<group>"; };
		CABEF2C62998EB5B00751299 /* HomeViewController.swift */ = {isa = PBXFileReference; lastKnownFileType = sourcecode.swift; path = HomeViewController.swift; sourceTree = "<group>"; };
		CABEF2CA2998EBB000751299 /* NewsViewController.swift */ = {isa = PBXFileReference; lastKnownFileType = sourcecode.swift; path = NewsViewController.swift; sourceTree = "<group>"; };
		CABEF2CC2998EBBA00751299 /* ScoreViewController.swift */ = {isa = PBXFileReference; lastKnownFileType = sourcecode.swift; path = ScoreViewController.swift; sourceTree = "<group>"; };
		CABEF2D429996E5700751299 /* appbar.swift */ = {isa = PBXFileReference; lastKnownFileType = sourcecode.swift; path = appbar.swift; sourceTree = "<group>"; };
		CABF198B29A5E4BC0048BE2C /* SportsListViewController.swift */ = {isa = PBXFileReference; lastKnownFileType = sourcecode.swift; path = SportsListViewController.swift; sourceTree = "<group>"; };
		CADFD7DF29C0982100EEA16D /* StoryCollectionViewCell.swift */ = {isa = PBXFileReference; fileEncoding = 4; lastKnownFileType = sourcecode.swift; path = StoryCollectionViewCell.swift; sourceTree = "<group>"; };
		CAEBB1F729BC924C00CF3958 /* customview.swift */ = {isa = PBXFileReference; lastKnownFileType = sourcecode.swift; path = customview.swift; sourceTree = "<group>"; };
		CAF7D92F29B4729F009CE22D /* SportsDetailViewController.swift */ = {isa = PBXFileReference; lastKnownFileType = sourcecode.swift; path = SportsDetailViewController.swift; sourceTree = "<group>"; };
		CB187C9DCAE5DAAC523BF1CE /* Pods_HalftimePick.framework */ = {isa = PBXFileReference; explicitFileType = wrapper.framework; includeInIndex = 0; path = Pods_HalftimePick.framework; sourceTree = BUILT_PRODUCTS_DIR; };
		DA659E1492EE1FD6ACD14A1D /* Pods-HalftimePickTests.debug.xcconfig */ = {isa = PBXFileReference; includeInIndex = 1; lastKnownFileType = text.xcconfig; name = "Pods-HalftimePickTests.debug.xcconfig"; path = "Target Support Files/Pods-HalftimePickTests/Pods-HalftimePickTests.debug.xcconfig"; sourceTree = "<group>"; };
		DDFEC1DB6DDF9CF965317D46 /* Pods-HalftimePick-HalftimePickUITests.release.xcconfig */ = {isa = PBXFileReference; includeInIndex = 1; lastKnownFileType = text.xcconfig; name = "Pods-HalftimePick-HalftimePickUITests.release.xcconfig"; path = "Target Support Files/Pods-HalftimePick-HalftimePickUITests/Pods-HalftimePick-HalftimePickUITests.release.xcconfig"; sourceTree = "<group>"; };
		DF8DC730DE02F63EFAAE023F /* Pods_HalftimePickTests.framework */ = {isa = PBXFileReference; explicitFileType = wrapper.framework; includeInIndex = 0; path = Pods_HalftimePickTests.framework; sourceTree = BUILT_PRODUCTS_DIR; };
		DFA5826DF52D2F6E7862AE04 /* Pods_HalftimePick_HalftimePickUITests.framework */ = {isa = PBXFileReference; explicitFileType = wrapper.framework; includeInIndex = 0; path = Pods_HalftimePick_HalftimePickUITests.framework; sourceTree = BUILT_PRODUCTS_DIR; };
/* End PBXFileReference section */

/* Begin PBXFrameworksBuildPhase section */
		CABEF28A2998CEF900751299 /* Frameworks */ = {
			isa = PBXFrameworksBuildPhase;
			buildActionMask = 2147483647;
			files = (
				FE96923252EBF7E8AB32AE8C /* Pods_HalftimePick.framework in Frameworks */,
			);
			runOnlyForDeploymentPostprocessing = 0;
		};
		CABEF2A02998CEFA00751299 /* Frameworks */ = {
			isa = PBXFrameworksBuildPhase;
			buildActionMask = 2147483647;
			files = (
				B526A59BF845EC3D8CB41B86 /* Pods_HalftimePickTests.framework in Frameworks */,
			);
			runOnlyForDeploymentPostprocessing = 0;
		};
		CABEF2AA2998CEFA00751299 /* Frameworks */ = {
			isa = PBXFrameworksBuildPhase;
			buildActionMask = 2147483647;
			files = (
				4AA045A0D527B1526571C9AF /* Pods_HalftimePick_HalftimePickUITests.framework in Frameworks */,
			);
			runOnlyForDeploymentPostprocessing = 0;
		};
/* End PBXFrameworksBuildPhase section */

/* Begin PBXGroup section */
		CA5C694429CB0EDE000CF797 /* newslist */ = {
			isa = PBXGroup;
			children = (
				CA5C694529CB0F2A000CF797 /* NewsCollectionViewCell.swift */,
				CA46DE6C29CC5A6600627B4E /* newsListView.swift */,
			);
			path = newslist;
			sourceTree = "<group>";
		};
		CA7D6DFA299CABEA0002DC30 /* NetworkCalls */ = {
			isa = PBXGroup;
			children = (
				CA7D6DFB299CAC1C0002DC30 /* homeApi.swift */,
			);
			path = NetworkCalls;
			sourceTree = "<group>";
		};
		CA7D6DFD299CAC5B0002DC30 /* Models */ = {
			isa = PBXGroup;
			children = (
				CA7D6DFE299CAC6C0002DC30 /* HomeModel.swift */,
			);
			path = Models;
			sourceTree = "<group>";
		};
		CABEF2842998CEF900751299 = {
			isa = PBXGroup;
			children = (
				CABEF28F2998CEF900751299 /* HalftimePick */,
				CABEF2A62998CEFA00751299 /* HalftimePickTests */,
				CABEF2B02998CEFA00751299 /* HalftimePickUITests */,
				CABEF28E2998CEF900751299 /* Products */,
				CEE14FC57C4BD9F2AB3E8386 /* Pods */,
				E84B612C0E95853E680C0C4E /* Frameworks */,
			);
			sourceTree = "<group>";
		};
		CABEF28E2998CEF900751299 /* Products */ = {
			isa = PBXGroup;
			children = (
				CABEF28D2998CEF900751299 /* HalftimePick.app */,
				CABEF2A32998CEFA00751299 /* HalftimePickTests.xctest */,
				CABEF2AD2998CEFA00751299 /* HalftimePickUITests.xctest */,
			);
			name = Products;
			sourceTree = "<group>";
		};
		CABEF28F2998CEF900751299 /* HalftimePick */ = {
			isa = PBXGroup;
			children = (
				CA7D6DFD299CAC5B0002DC30 /* Models */,
				CA7D6DFA299CABEA0002DC30 /* NetworkCalls */,
				CABEF2D1299909A100751299 /* Customviews */,
				CABEF2C42998EB0C00751299 /* Controller */,
				CABEF2C02998CF0000751299 /* App */,
				CABEF2962998CEF900751299 /* Main.storyboard */,
				CABEF2992998CEFA00751299 /* Assets.xcassets */,
				CABEF29B2998CEFA00751299 /* LaunchScreen.storyboard */,
				CABEF29E2998CEFA00751299 /* Info.plist */,
			);
			path = HalftimePick;
			sourceTree = "<group>";
		};
		CABEF2A62998CEFA00751299 /* HalftimePickTests */ = {
			isa = PBXGroup;
			children = (
				CABEF2A72998CEFA00751299 /* HalftimePickTests.swift */,
			);
			path = HalftimePickTests;
			sourceTree = "<group>";
		};
		CABEF2B02998CEFA00751299 /* HalftimePickUITests */ = {
			isa = PBXGroup;
			children = (
				CABEF2B12998CEFA00751299 /* HalftimePickUITests.swift */,
				CABEF2B32998CEFA00751299 /* HalftimePickUITestsLaunchTests.swift */,
			);
			path = HalftimePickUITests;
			sourceTree = "<group>";
		};
		CABEF2C02998CF0000751299 /* App */ = {
			isa = PBXGroup;
			children = (
				CABEF2902998CEF900751299 /* AppDelegate.swift */,
				CABEF2922998CEF900751299 /* SceneDelegate.swift */,
				CABEF2942998CEF900751299 /* ViewController.swift */,
			);
			path = App;
			sourceTree = "<group>";
		};
		CABEF2C12998E83900751299 /* Home TabBar */ = {
			isa = PBXGroup;
			children = (
				CABEF2C22998E87B00751299 /* TabBarController.swift */,
			);
			path = "Home TabBar";
			sourceTree = "<group>";
		};
		CABEF2C42998EB0C00751299 /* Controller */ = {
			isa = PBXGroup;
			children = (
				CAF7D92E29B47281009CE22D /* SportsDetail */,
				CABF198A29A5E48E0048BE2C /* SportsList */,
				CABEF2CE2999046E00751299 /* PickController */,
				CABEF2C92998EB8E00751299 /* Score */,
				CABEF2C82998EB8400751299 /* News */,
				CABEF2C52998EB1A00751299 /* Home */,
				CABEF2C12998E83900751299 /* Home TabBar */,
			);
			path = Controller;
			sourceTree = "<group>";
		};
		CABEF2C52998EB1A00751299 /* Home */ = {
			isa = PBXGroup;
			children = (
				CABEF2C62998EB5B00751299 /* HomeViewController.swift */,
				CAAE6E92299B75F800BC6EF2 /* gamelistTableViewCell.swift */,
				CAAE6E93299B75F800BC6EF2 /* gamelistTableViewCell.xib */,
			);
			path = Home;
			sourceTree = "<group>";
		};
		CABEF2C82998EB8400751299 /* News */ = {
			isa = PBXGroup;
			children = (
				CA5C694429CB0EDE000CF797 /* newslist */,
				CADFD7DF29C0982100EEA16D /* StoryCollectionViewCell.swift */,
				CABEF2CA2998EBB000751299 /* NewsViewController.swift */,
				CA9F81F129C885B300703224 /* livegame.swift */,
			);
			path = News;
			sourceTree = "<group>";
		};
		CABEF2C92998EB8E00751299 /* Score */ = {
			isa = PBXGroup;
			children = (
				CA8CC7C029A38D66006054EB /* CustomSegmentedControl.swift */,
				CABEF2CC2998EBBA00751299 /* ScoreViewController.swift */,
				CA7D6E00299CF7E20002DC30 /* ScoreTableViewCell.swift */,
				CA7D6E01299CF7E20002DC30 /* ScoreTableViewCell.xib */,
			);
			path = Score;
			sourceTree = "<group>";
		};
		CABEF2CE2999046E00751299 /* PickController */ = {
			isa = PBXGroup;
			children = (
				CA1CC60129C2476800B45DF1 /* Extension.swift */,
				CA1CC5FF29C2476700B45DF1 /* Product.swift */,
				CA1CC60029C2476800B45DF1 /* ProductCell.swift */,
				CA1CC60229C2476800B45DF1 /* PickViewController.swift */,
			);
			path = PickController;
			sourceTree = "<group>";
		};
		CABEF2D1299909A100751299 /* Customviews */ = {
			isa = PBXGroup;
			children = (
				CABEF2D429996E5700751299 /* appbar.swift */,
			);
			path = Customviews;
			sourceTree = "<group>";
		};
		CABF198A29A5E48E0048BE2C /* SportsList */ = {
			isa = PBXGroup;
			children = (
				CABF198B29A5E4BC0048BE2C /* SportsListViewController.swift */,
				CAA4F2F929B3816C00D8252F /* CompositionalLayout.swift */,
				CA1A0F9229C6EAAE009C93C5 /* sportsCell.swift */,
			);
			path = SportsList;
			sourceTree = "<group>";
		};
		CAF7D92E29B47281009CE22D /* SportsDetail */ = {
			isa = PBXGroup;
			children = (
				CAF7D92F29B4729F009CE22D /* SportsDetailViewController.swift */,
				CAEBB1F729BC924C00CF3958 /* customview.swift */,
				CA1CC60729C24ACF00B45DF1 /* NewsDetailTableViewCell.swift */,
			);
			path = SportsDetail;
			sourceTree = "<group>";
		};
		CEE14FC57C4BD9F2AB3E8386 /* Pods */ = {
			isa = PBXGroup;
			children = (
				944BE96AE639543B8D477030 /* Pods-HalftimePick.debug.xcconfig */,
				AC584F2CE1F22957E3D1BA28 /* Pods-HalftimePick.release.xcconfig */,
				92E1E21ECC91F4245BFDEB44 /* Pods-HalftimePick-HalftimePickUITests.debug.xcconfig */,
				DDFEC1DB6DDF9CF965317D46 /* Pods-HalftimePick-HalftimePickUITests.release.xcconfig */,
				DA659E1492EE1FD6ACD14A1D /* Pods-HalftimePickTests.debug.xcconfig */,
				84942F533A100B2030D2116F /* Pods-HalftimePickTests.release.xcconfig */,
			);
			path = Pods;
			sourceTree = "<group>";
		};
		E84B612C0E95853E680C0C4E /* Frameworks */ = {
			isa = PBXGroup;
			children = (
				CB187C9DCAE5DAAC523BF1CE /* Pods_HalftimePick.framework */,
				DFA5826DF52D2F6E7862AE04 /* Pods_HalftimePick_HalftimePickUITests.framework */,
				DF8DC730DE02F63EFAAE023F /* Pods_HalftimePickTests.framework */,
			);
			name = Frameworks;
			sourceTree = "<group>";
		};
/* End PBXGroup section */

/* Begin PBXNativeTarget section */
		CABEF28C2998CEF900751299 /* HalftimePick */ = {
			isa = PBXNativeTarget;
			buildConfigurationList = CABEF2B72998CEFA00751299 /* Build configuration list for PBXNativeTarget "HalftimePick" */;
			buildPhases = (
				1030D6D9B272E32A87B9512C /* [CP] Check Pods Manifest.lock */,
				CABEF2892998CEF900751299 /* Sources */,
				CABEF28A2998CEF900751299 /* Frameworks */,
				CABEF28B2998CEF900751299 /* Resources */,
				D2E769AF13562C6348CB6212 /* [CP] Embed Pods Frameworks */,
			);
			buildRules = (
			);
			dependencies = (
			);
			name = HalftimePick;
			productName = HalftimePick;
			productReference = CABEF28D2998CEF900751299 /* HalftimePick.app */;
			productType = "com.apple.product-type.application";
		};
		CABEF2A22998CEFA00751299 /* HalftimePickTests */ = {
			isa = PBXNativeTarget;
			buildConfigurationList = CABEF2BA2998CEFA00751299 /* Build configuration list for PBXNativeTarget "HalftimePickTests" */;
			buildPhases = (
				FB8F9F7082A721E23AA31767 /* [CP] Check Pods Manifest.lock */,
				CABEF29F2998CEFA00751299 /* Sources */,
				CABEF2A02998CEFA00751299 /* Frameworks */,
				CABEF2A12998CEFA00751299 /* Resources */,
			);
			buildRules = (
			);
			dependencies = (
				CABEF2A52998CEFA00751299 /* PBXTargetDependency */,
			);
			name = HalftimePickTests;
			productName = HalftimePickTests;
			productReference = CABEF2A32998CEFA00751299 /* HalftimePickTests.xctest */;
			productType = "com.apple.product-type.bundle.unit-test";
		};
		CABEF2AC2998CEFA00751299 /* HalftimePickUITests */ = {
			isa = PBXNativeTarget;
			buildConfigurationList = CABEF2BD2998CEFA00751299 /* Build configuration list for PBXNativeTarget "HalftimePickUITests" */;
			buildPhases = (
				B710CA8542581FE22052E7E9 /* [CP] Check Pods Manifest.lock */,
				CABEF2A92998CEFA00751299 /* Sources */,
				CABEF2AA2998CEFA00751299 /* Frameworks */,
				CABEF2AB2998CEFA00751299 /* Resources */,
				71FBC729C577952E637610AE /* [CP] Embed Pods Frameworks */,
			);
			buildRules = (
			);
			dependencies = (
				CABEF2AF2998CEFA00751299 /* PBXTargetDependency */,
			);
			name = HalftimePickUITests;
			productName = HalftimePickUITests;
			productReference = CABEF2AD2998CEFA00751299 /* HalftimePickUITests.xctest */;
			productType = "com.apple.product-type.bundle.ui-testing";
		};
/* End PBXNativeTarget section */

/* Begin PBXProject section */
		CABEF2852998CEF900751299 /* Project object */ = {
			isa = PBXProject;
			attributes = {
				BuildIndependentTargetsInParallel = 1;
				LastSwiftUpdateCheck = 1420;
				LastUpgradeCheck = 1420;
				TargetAttributes = {
					CABEF28C2998CEF900751299 = {
						CreatedOnToolsVersion = 14.2;
					};
					CABEF2A22998CEFA00751299 = {
						CreatedOnToolsVersion = 14.2;
						TestTargetID = CABEF28C2998CEF900751299;
					};
					CABEF2AC2998CEFA00751299 = {
						CreatedOnToolsVersion = 14.2;
						TestTargetID = CABEF28C2998CEF900751299;
					};
				};
			};
			buildConfigurationList = CABEF2882998CEF900751299 /* Build configuration list for PBXProject "HalftimePick" */;
			compatibilityVersion = "Xcode 14.0";
			developmentRegion = en;
			hasScannedForEncodings = 0;
			knownRegions = (
				en,
				Base,
			);
			mainGroup = CABEF2842998CEF900751299;
			productRefGroup = CABEF28E2998CEF900751299 /* Products */;
			projectDirPath = "";
			projectRoot = "";
			targets = (
				CABEF28C2998CEF900751299 /* HalftimePick */,
				CABEF2A22998CEFA00751299 /* HalftimePickTests */,
				CABEF2AC2998CEFA00751299 /* HalftimePickUITests */,
			);
		};
/* End PBXProject section */

/* Begin PBXResourcesBuildPhase section */
		CABEF28B2998CEF900751299 /* Resources */ = {
			isa = PBXResourcesBuildPhase;
			buildActionMask = 2147483647;
			files = (
				CA7D6E03299CF7E20002DC30 /* ScoreTableViewCell.xib in Resources */,
				CAAE6E95299B75F800BC6EF2 /* gamelistTableViewCell.xib in Resources */,
				CABEF29D2998CEFA00751299 /* LaunchScreen.storyboard in Resources */,
				CABEF29A2998CEFA00751299 /* Assets.xcassets in Resources */,
				CABEF2982998CEF900751299 /* Main.storyboard in Resources */,
			);
			runOnlyForDeploymentPostprocessing = 0;
		};
		CABEF2A12998CEFA00751299 /* Resources */ = {
			isa = PBXResourcesBuildPhase;
			buildActionMask = 2147483647;
			files = (
			);
			runOnlyForDeploymentPostprocessing = 0;
		};
		CABEF2AB2998CEFA00751299 /* Resources */ = {
			isa = PBXResourcesBuildPhase;
			buildActionMask = 2147483647;
			files = (
			);
			runOnlyForDeploymentPostprocessing = 0;
		};
/* End PBXResourcesBuildPhase section */

/* Begin PBXShellScriptBuildPhase section */
		1030D6D9B272E32A87B9512C /* [CP] Check Pods Manifest.lock */ = {
			isa = PBXShellScriptBuildPhase;
			buildActionMask = 2147483647;
			files = (
			);
			inputFileListPaths = (
			);
			inputPaths = (
				"${PODS_PODFILE_DIR_PATH}/Podfile.lock",
				"${PODS_ROOT}/Manifest.lock",
			);
			name = "[CP] Check Pods Manifest.lock";
			outputFileListPaths = (
			);
			outputPaths = (
				"$(DERIVED_FILE_DIR)/Pods-HalftimePick-checkManifestLockResult.txt",
			);
			runOnlyForDeploymentPostprocessing = 0;
			shellPath = /bin/sh;
			shellScript = "diff \"${PODS_PODFILE_DIR_PATH}/Podfile.lock\" \"${PODS_ROOT}/Manifest.lock\" > /dev/null\nif [ $? != 0 ] ; then\n    # print error to STDERR\n    echo \"error: The sandbox is not in sync with the Podfile.lock. Run 'pod install' or update your CocoaPods installation.\" >&2\n    exit 1\nfi\n# This output is used by Xcode 'outputs' to avoid re-running this script phase.\necho \"SUCCESS\" > \"${SCRIPT_OUTPUT_FILE_0}\"\n";
			showEnvVarsInLog = 0;
		};
		71FBC729C577952E637610AE /* [CP] Embed Pods Frameworks */ = {
			isa = PBXShellScriptBuildPhase;
			buildActionMask = 2147483647;
			files = (
			);
			inputFileListPaths = (
				"${PODS_ROOT}/Target Support Files/Pods-HalftimePick-HalftimePickUITests/Pods-HalftimePick-HalftimePickUITests-frameworks-${CONFIGURATION}-input-files.xcfilelist",
			);
			name = "[CP] Embed Pods Frameworks";
			outputFileListPaths = (
				"${PODS_ROOT}/Target Support Files/Pods-HalftimePick-HalftimePickUITests/Pods-HalftimePick-HalftimePickUITests-frameworks-${CONFIGURATION}-output-files.xcfilelist",
			);
			runOnlyForDeploymentPostprocessing = 0;
			shellPath = /bin/sh;
			shellScript = "\"${PODS_ROOT}/Target Support Files/Pods-HalftimePick-HalftimePickUITests/Pods-HalftimePick-HalftimePickUITests-frameworks.sh\"\n";
			showEnvVarsInLog = 0;
		};
		B710CA8542581FE22052E7E9 /* [CP] Check Pods Manifest.lock */ = {
			isa = PBXShellScriptBuildPhase;
			buildActionMask = 2147483647;
			files = (
			);
			inputFileListPaths = (
			);
			inputPaths = (
				"${PODS_PODFILE_DIR_PATH}/Podfile.lock",
				"${PODS_ROOT}/Manifest.lock",
			);
			name = "[CP] Check Pods Manifest.lock";
			outputFileListPaths = (
			);
			outputPaths = (
				"$(DERIVED_FILE_DIR)/Pods-HalftimePick-HalftimePickUITests-checkManifestLockResult.txt",
			);
			runOnlyForDeploymentPostprocessing = 0;
			shellPath = /bin/sh;
			shellScript = "diff \"${PODS_PODFILE_DIR_PATH}/Podfile.lock\" \"${PODS_ROOT}/Manifest.lock\" > /dev/null\nif [ $? != 0 ] ; then\n    # print error to STDERR\n    echo \"error: The sandbox is not in sync with the Podfile.lock. Run 'pod install' or update your CocoaPods installation.\" >&2\n    exit 1\nfi\n# This output is used by Xcode 'outputs' to avoid re-running this script phase.\necho \"SUCCESS\" > \"${SCRIPT_OUTPUT_FILE_0}\"\n";
			showEnvVarsInLog = 0;
		};
		D2E769AF13562C6348CB6212 /* [CP] Embed Pods Frameworks */ = {
			isa = PBXShellScriptBuildPhase;
			buildActionMask = 2147483647;
			files = (
			);
			inputFileListPaths = (
				"${PODS_ROOT}/Target Support Files/Pods-HalftimePick/Pods-HalftimePick-frameworks-${CONFIGURATION}-input-files.xcfilelist",
			);
			name = "[CP] Embed Pods Frameworks";
			outputFileListPaths = (
				"${PODS_ROOT}/Target Support Files/Pods-HalftimePick/Pods-HalftimePick-frameworks-${CONFIGURATION}-output-files.xcfilelist",
			);
			runOnlyForDeploymentPostprocessing = 0;
			shellPath = /bin/sh;
			shellScript = "\"${PODS_ROOT}/Target Support Files/Pods-HalftimePick/Pods-HalftimePick-frameworks.sh\"\n";
			showEnvVarsInLog = 0;
		};
		FB8F9F7082A721E23AA31767 /* [CP] Check Pods Manifest.lock */ = {
			isa = PBXShellScriptBuildPhase;
			buildActionMask = 2147483647;
			files = (
			);
			inputFileListPaths = (
			);
			inputPaths = (
				"${PODS_PODFILE_DIR_PATH}/Podfile.lock",
				"${PODS_ROOT}/Manifest.lock",
			);
			name = "[CP] Check Pods Manifest.lock";
			outputFileListPaths = (
			);
			outputPaths = (
				"$(DERIVED_FILE_DIR)/Pods-HalftimePickTests-checkManifestLockResult.txt",
			);
			runOnlyForDeploymentPostprocessing = 0;
			shellPath = /bin/sh;
			shellScript = "diff \"${PODS_PODFILE_DIR_PATH}/Podfile.lock\" \"${PODS_ROOT}/Manifest.lock\" > /dev/null\nif [ $? != 0 ] ; then\n    # print error to STDERR\n    echo \"error: The sandbox is not in sync with the Podfile.lock. Run 'pod install' or update your CocoaPods installation.\" >&2\n    exit 1\nfi\n# This output is used by Xcode 'outputs' to avoid re-running this script phase.\necho \"SUCCESS\" > \"${SCRIPT_OUTPUT_FILE_0}\"\n";
			showEnvVarsInLog = 0;
		};
/* End PBXShellScriptBuildPhase section */

/* Begin PBXSourcesBuildPhase section */
		CABEF2892998CEF900751299 /* Sources */ = {
			isa = PBXSourcesBuildPhase;
			buildActionMask = 2147483647;
			files = (
				CA1CC60629C2476800B45DF1 /* PickViewController.swift in Sources */,
				CABEF2CD2998EBBA00751299 /* ScoreViewController.swift in Sources */,
				CAF7D93029B4729F009CE22D /* SportsDetailViewController.swift in Sources */,
				CABEF2C72998EB5B00751299 /* HomeViewController.swift in Sources */,
				CA1CC60429C2476800B45DF1 /* ProductCell.swift in Sources */,
				CA9F81F229C885B300703224 /* livegame.swift in Sources */,
				CAA4F2FA29B3816C00D8252F /* CompositionalLayout.swift in Sources */,
				CABEF2D529996E5700751299 /* appbar.swift in Sources */,
				CAAE6E94299B75F800BC6EF2 /* gamelistTableViewCell.swift in Sources */,
				CADFD7E029C0982100EEA16D /* StoryCollectionViewCell.swift in Sources */,
				CA1A0F9329C6EAAE009C93C5 /* sportsCell.swift in Sources */,
				CABF198C29A5E4BC0048BE2C /* SportsListViewController.swift in Sources */,
				CAEBB1F829BC924C00CF3958 /* customview.swift in Sources */,
				CA46DE6D29CC5A6600627B4E /* newsListView.swift in Sources */,
				CA7D6DFC299CAC1D0002DC30 /* homeApi.swift in Sources */,
				CA5C694629CB0F2A000CF797 /* NewsCollectionViewCell.swift in Sources */,
				CABEF2952998CEF900751299 /* ViewController.swift in Sources */,
				CA8CC7C129A38D66006054EB /* CustomSegmentedControl.swift in Sources */,
				CABEF2912998CEF900751299 /* AppDelegate.swift in Sources */,
				CA7D6DFF299CAC6C0002DC30 /* HomeModel.swift in Sources */,
				CA1CC60329C2476800B45DF1 /* Product.swift in Sources */,
				CABEF2CB2998EBB000751299 /* NewsViewController.swift in Sources */,
				CA7D6E02299CF7E20002DC30 /* ScoreTableViewCell.swift in Sources */,
				CABEF2C32998E87B00751299 /* TabBarController.swift in Sources */,
				CA1CC60529C2476800B45DF1 /* Extension.swift in Sources */,
				CABEF2932998CEF900751299 /* SceneDelegate.swift in Sources */,
				CA1CC60829C24ACF00B45DF1 /* NewsDetailTableViewCell.swift in Sources */,
			);
			runOnlyForDeploymentPostprocessing = 0;
		};
		CABEF29F2998CEFA00751299 /* Sources */ = {
			isa = PBXSourcesBuildPhase;
			buildActionMask = 2147483647;
			files = (
				CABEF2A82998CEFA00751299 /* HalftimePickTests.swift in Sources */,
			);
			runOnlyForDeploymentPostprocessing = 0;
		};
		CABEF2A92998CEFA00751299 /* Sources */ = {
			isa = PBXSourcesBuildPhase;
			buildActionMask = 2147483647;
			files = (
				CABEF2B22998CEFA00751299 /* HalftimePickUITests.swift in Sources */,
				CABEF2B42998CEFA00751299 /* HalftimePickUITestsLaunchTests.swift in Sources */,
			);
			runOnlyForDeploymentPostprocessing = 0;
		};
/* End PBXSourcesBuildPhase section */

/* Begin PBXTargetDependency section */
		CABEF2A52998CEFA00751299 /* PBXTargetDependency */ = {
			isa = PBXTargetDependency;
			target = CABEF28C2998CEF900751299 /* HalftimePick */;
			targetProxy = CABEF2A42998CEFA00751299 /* PBXContainerItemProxy */;
		};
		CABEF2AF2998CEFA00751299 /* PBXTargetDependency */ = {
			isa = PBXTargetDependency;
			target = CABEF28C2998CEF900751299 /* HalftimePick */;
			targetProxy = CABEF2AE2998CEFA00751299 /* PBXContainerItemProxy */;
		};
/* End PBXTargetDependency section */

/* Begin PBXVariantGroup section */
		CABEF2962998CEF900751299 /* Main.storyboard */ = {
			isa = PBXVariantGroup;
			children = (
				CABEF2972998CEF900751299 /* Base */,
			);
			name = Main.storyboard;
			sourceTree = "<group>";
		};
		CABEF29B2998CEFA00751299 /* LaunchScreen.storyboard */ = {
			isa = PBXVariantGroup;
			children = (
				CABEF29C2998CEFA00751299 /* Base */,
			);
			name = LaunchScreen.storyboard;
			sourceTree = "<group>";
		};
/* End PBXVariantGroup section */

/* Begin XCBuildConfiguration section */
		CABEF2B52998CEFA00751299 /* Debug */ = {
			isa = XCBuildConfiguration;
			buildSettings = {
				ALWAYS_SEARCH_USER_PATHS = NO;
				CLANG_ANALYZER_NONNULL = YES;
				CLANG_ANALYZER_NUMBER_OBJECT_CONVERSION = YES_AGGRESSIVE;
				CLANG_CXX_LANGUAGE_STANDARD = "gnu++20";
				CLANG_ENABLE_MODULES = YES;
				CLANG_ENABLE_OBJC_ARC = YES;
				CLANG_ENABLE_OBJC_WEAK = YES;
				CLANG_WARN_BLOCK_CAPTURE_AUTORELEASING = YES;
				CLANG_WARN_BOOL_CONVERSION = YES;
				CLANG_WARN_COMMA = YES;
				CLANG_WARN_CONSTANT_CONVERSION = YES;
				CLANG_WARN_DEPRECATED_OBJC_IMPLEMENTATIONS = YES;
				CLANG_WARN_DIRECT_OBJC_ISA_USAGE = YES_ERROR;
				CLANG_WARN_DOCUMENTATION_COMMENTS = YES;
				CLANG_WARN_EMPTY_BODY = YES;
				CLANG_WARN_ENUM_CONVERSION = YES;
				CLANG_WARN_INFINITE_RECURSION = YES;
				CLANG_WARN_INT_CONVERSION = YES;
				CLANG_WARN_NON_LITERAL_NULL_CONVERSION = YES;
				CLANG_WARN_OBJC_IMPLICIT_RETAIN_SELF = YES;
				CLANG_WARN_OBJC_LITERAL_CONVERSION = YES;
				CLANG_WARN_OBJC_ROOT_CLASS = YES_ERROR;
				CLANG_WARN_QUOTED_INCLUDE_IN_FRAMEWORK_HEADER = YES;
				CLANG_WARN_RANGE_LOOP_ANALYSIS = YES;
				CLANG_WARN_STRICT_PROTOTYPES = YES;
				CLANG_WARN_SUSPICIOUS_MOVE = YES;
				CLANG_WARN_UNGUARDED_AVAILABILITY = YES_AGGRESSIVE;
				CLANG_WARN_UNREACHABLE_CODE = YES;
				CLANG_WARN__DUPLICATE_METHOD_MATCH = YES;
				COPY_PHASE_STRIP = NO;
				DEBUG_INFORMATION_FORMAT = dwarf;
				ENABLE_STRICT_OBJC_MSGSEND = YES;
				ENABLE_TESTABILITY = YES;
				GCC_C_LANGUAGE_STANDARD = gnu11;
				GCC_DYNAMIC_NO_PIC = NO;
				GCC_NO_COMMON_BLOCKS = YES;
				GCC_OPTIMIZATION_LEVEL = 0;
				GCC_PREPROCESSOR_DEFINITIONS = (
					"DEBUG=1",
					"$(inherited)",
				);
				GCC_WARN_64_TO_32_BIT_CONVERSION = YES;
				GCC_WARN_ABOUT_RETURN_TYPE = YES_ERROR;
				GCC_WARN_UNDECLARED_SELECTOR = YES;
				GCC_WARN_UNINITIALIZED_AUTOS = YES_AGGRESSIVE;
				GCC_WARN_UNUSED_FUNCTION = YES;
				GCC_WARN_UNUSED_VARIABLE = YES;
				IPHONEOS_DEPLOYMENT_TARGET = 16.2;
				MTL_ENABLE_DEBUG_INFO = INCLUDE_SOURCE;
				MTL_FAST_MATH = YES;
				ONLY_ACTIVE_ARCH = YES;
				SDKROOT = iphoneos;
				SWIFT_ACTIVE_COMPILATION_CONDITIONS = DEBUG;
				SWIFT_OPTIMIZATION_LEVEL = "-Onone";
			};
			name = Debug;
		};
		CABEF2B62998CEFA00751299 /* Release */ = {
			isa = XCBuildConfiguration;
			buildSettings = {
				ALWAYS_SEARCH_USER_PATHS = NO;
				CLANG_ANALYZER_NONNULL = YES;
				CLANG_ANALYZER_NUMBER_OBJECT_CONVERSION = YES_AGGRESSIVE;
				CLANG_CXX_LANGUAGE_STANDARD = "gnu++20";
				CLANG_ENABLE_MODULES = YES;
				CLANG_ENABLE_OBJC_ARC = YES;
				CLANG_ENABLE_OBJC_WEAK = YES;
				CLANG_WARN_BLOCK_CAPTURE_AUTORELEASING = YES;
				CLANG_WARN_BOOL_CONVERSION = YES;
				CLANG_WARN_COMMA = YES;
				CLANG_WARN_CONSTANT_CONVERSION = YES;
				CLANG_WARN_DEPRECATED_OBJC_IMPLEMENTATIONS = YES;
				CLANG_WARN_DIRECT_OBJC_ISA_USAGE = YES_ERROR;
				CLANG_WARN_DOCUMENTATION_COMMENTS = YES;
				CLANG_WARN_EMPTY_BODY = YES;
				CLANG_WARN_ENUM_CONVERSION = YES;
				CLANG_WARN_INFINITE_RECURSION = YES;
				CLANG_WARN_INT_CONVERSION = YES;
				CLANG_WARN_NON_LITERAL_NULL_CONVERSION = YES;
				CLANG_WARN_OBJC_IMPLICIT_RETAIN_SELF = YES;
				CLANG_WARN_OBJC_LITERAL_CONVERSION = YES;
				CLANG_WARN_OBJC_ROOT_CLASS = YES_ERROR;
				CLANG_WARN_QUOTED_INCLUDE_IN_FRAMEWORK_HEADER = YES;
				CLANG_WARN_RANGE_LOOP_ANALYSIS = YES;
				CLANG_WARN_STRICT_PROTOTYPES = YES;
				CLANG_WARN_SUSPICIOUS_MOVE = YES;
				CLANG_WARN_UNGUARDED_AVAILABILITY = YES_AGGRESSIVE;
				CLANG_WARN_UNREACHABLE_CODE = YES;
				CLANG_WARN__DUPLICATE_METHOD_MATCH = YES;
				COPY_PHASE_STRIP = NO;
				DEBUG_INFORMATION_FORMAT = "dwarf-with-dsym";
				ENABLE_NS_ASSERTIONS = NO;
				ENABLE_STRICT_OBJC_MSGSEND = YES;
				GCC_C_LANGUAGE_STANDARD = gnu11;
				GCC_NO_COMMON_BLOCKS = YES;
				GCC_WARN_64_TO_32_BIT_CONVERSION = YES;
				GCC_WARN_ABOUT_RETURN_TYPE = YES_ERROR;
				GCC_WARN_UNDECLARED_SELECTOR = YES;
				GCC_WARN_UNINITIALIZED_AUTOS = YES_AGGRESSIVE;
				GCC_WARN_UNUSED_FUNCTION = YES;
				GCC_WARN_UNUSED_VARIABLE = YES;
				IPHONEOS_DEPLOYMENT_TARGET = 16.2;
				MTL_ENABLE_DEBUG_INFO = NO;
				MTL_FAST_MATH = YES;
				SDKROOT = iphoneos;
				SWIFT_COMPILATION_MODE = wholemodule;
				SWIFT_OPTIMIZATION_LEVEL = "-O";
				VALIDATE_PRODUCT = YES;
			};
			name = Release;
		};
		CABEF2B82998CEFA00751299 /* Debug */ = {
			isa = XCBuildConfiguration;
			baseConfigurationReference = 944BE96AE639543B8D477030 /* Pods-HalftimePick.debug.xcconfig */;
			buildSettings = {
				ASSETCATALOG_COMPILER_APPICON_NAME = AppIcon;
				ASSETCATALOG_COMPILER_GLOBAL_ACCENT_COLOR_NAME = AccentColor;
				CODE_SIGN_STYLE = Automatic;
				CURRENT_PROJECT_VERSION = 1;
				DEVELOPMENT_TEAM = NL2T9J78U9;
				GENERATE_INFOPLIST_FILE = YES;
				INFOPLIST_FILE = HalftimePick/Info.plist;
				INFOPLIST_KEY_UIApplicationSupportsIndirectInputEvents = YES;
				INFOPLIST_KEY_UILaunchStoryboardName = LaunchScreen;
				INFOPLIST_KEY_UISupportedInterfaceOrientations_iPad = "UIInterfaceOrientationPortrait UIInterfaceOrientationPortraitUpsideDown UIInterfaceOrientationLandscapeLeft UIInterfaceOrientationLandscapeRight";
				INFOPLIST_KEY_UISupportedInterfaceOrientations_iPhone = "UIInterfaceOrientationPortrait UIInterfaceOrientationLandscapeLeft UIInterfaceOrientationLandscapeRight";
				LD_RUNPATH_SEARCH_PATHS = (
					"$(inherited)",
					"@executable_path/Frameworks",
				);
				MARKETING_VERSION = 1.0;
				PRODUCT_BUNDLE_IDENTIFIER = com.halftimepick.HalftimePick;
				PRODUCT_NAME = "$(TARGET_NAME)";
				SWIFT_EMIT_LOC_STRINGS = YES;
				SWIFT_VERSION = 5.0;
				TARGETED_DEVICE_FAMILY = "1,2";
			};
			name = Debug;
		};
		CABEF2B92998CEFA00751299 /* Release */ = {
			isa = XCBuildConfiguration;
			baseConfigurationReference = AC584F2CE1F22957E3D1BA28 /* Pods-HalftimePick.release.xcconfig */;
			buildSettings = {
				ASSETCATALOG_COMPILER_APPICON_NAME = AppIcon;
				ASSETCATALOG_COMPILER_GLOBAL_ACCENT_COLOR_NAME = AccentColor;
				CODE_SIGN_STYLE = Automatic;
				CURRENT_PROJECT_VERSION = 1;
				DEVELOPMENT_TEAM = NL2T9J78U9;
				GENERATE_INFOPLIST_FILE = YES;
				INFOPLIST_FILE = HalftimePick/Info.plist;
				INFOPLIST_KEY_UIApplicationSupportsIndirectInputEvents = YES;
				INFOPLIST_KEY_UILaunchStoryboardName = LaunchScreen;
				INFOPLIST_KEY_UISupportedInterfaceOrientations_iPad = "UIInterfaceOrientationPortrait UIInterfaceOrientationPortraitUpsideDown UIInterfaceOrientationLandscapeLeft UIInterfaceOrientationLandscapeRight";
				INFOPLIST_KEY_UISupportedInterfaceOrientations_iPhone = "UIInterfaceOrientationPortrait UIInterfaceOrientationLandscapeLeft UIInterfaceOrientationLandscapeRight";
				LD_RUNPATH_SEARCH_PATHS = (
					"$(inherited)",
					"@executable_path/Frameworks",
				);
				MARKETING_VERSION = 1.0;
				PRODUCT_BUNDLE_IDENTIFIER = com.halftimepick.HalftimePick;
				PRODUCT_NAME = "$(TARGET_NAME)";
				SWIFT_EMIT_LOC_STRINGS = YES;
				SWIFT_VERSION = 5.0;
				TARGETED_DEVICE_FAMILY = "1,2";
			};
			name = Release;
		};
		CABEF2BB2998CEFA00751299 /* Debug */ = {
			isa = XCBuildConfiguration;
			baseConfigurationReference = DA659E1492EE1FD6ACD14A1D /* Pods-HalftimePickTests.debug.xcconfig */;
			buildSettings = {
				ALWAYS_EMBED_SWIFT_STANDARD_LIBRARIES = YES;
				BUNDLE_LOADER = "$(TEST_HOST)";
				CODE_SIGN_STYLE = Automatic;
				CURRENT_PROJECT_VERSION = 1;
				DEVELOPMENT_TEAM = NL2T9J78U9;
				GENERATE_INFOPLIST_FILE = YES;
				IPHONEOS_DEPLOYMENT_TARGET = 16.2;
				MARKETING_VERSION = 1.0;
				PRODUCT_BUNDLE_IDENTIFIER = com.halftimepick.HalftimePickTests;
				PRODUCT_NAME = "$(TARGET_NAME)";
				SWIFT_EMIT_LOC_STRINGS = NO;
				SWIFT_VERSION = 5.0;
				TARGETED_DEVICE_FAMILY = "1,2";
				TEST_HOST = "$(BUILT_PRODUCTS_DIR)/HalftimePick.app/$(BUNDLE_EXECUTABLE_FOLDER_PATH)/HalftimePick";
			};
			name = Debug;
		};
		CABEF2BC2998CEFA00751299 /* Release */ = {
			isa = XCBuildConfiguration;
			baseConfigurationReference = 84942F533A100B2030D2116F /* Pods-HalftimePickTests.release.xcconfig */;
			buildSettings = {
				ALWAYS_EMBED_SWIFT_STANDARD_LIBRARIES = YES;
				BUNDLE_LOADER = "$(TEST_HOST)";
				CODE_SIGN_STYLE = Automatic;
				CURRENT_PROJECT_VERSION = 1;
				DEVELOPMENT_TEAM = NL2T9J78U9;
				GENERATE_INFOPLIST_FILE = YES;
				IPHONEOS_DEPLOYMENT_TARGET = 16.2;
				MARKETING_VERSION = 1.0;
				PRODUCT_BUNDLE_IDENTIFIER = com.halftimepick.HalftimePickTests;
				PRODUCT_NAME = "$(TARGET_NAME)";
				SWIFT_EMIT_LOC_STRINGS = NO;
				SWIFT_VERSION = 5.0;
				TARGETED_DEVICE_FAMILY = "1,2";
				TEST_HOST = "$(BUILT_PRODUCTS_DIR)/HalftimePick.app/$(BUNDLE_EXECUTABLE_FOLDER_PATH)/HalftimePick";
			};
			name = Release;
		};
		CABEF2BE2998CEFA00751299 /* Debug */ = {
			isa = XCBuildConfiguration;
			baseConfigurationReference = 92E1E21ECC91F4245BFDEB44 /* Pods-HalftimePick-HalftimePickUITests.debug.xcconfig */;
			buildSettings = {
				ALWAYS_EMBED_SWIFT_STANDARD_LIBRARIES = YES;
				CODE_SIGN_STYLE = Automatic;
				CURRENT_PROJECT_VERSION = 1;
				DEVELOPMENT_TEAM = NL2T9J78U9;
				GENERATE_INFOPLIST_FILE = YES;
				MARKETING_VERSION = 1.0;
				PRODUCT_BUNDLE_IDENTIFIER = com.halftimepick.HalftimePickUITests;
				PRODUCT_NAME = "$(TARGET_NAME)";
				SWIFT_EMIT_LOC_STRINGS = NO;
				SWIFT_VERSION = 5.0;
				TARGETED_DEVICE_FAMILY = "1,2";
				TEST_TARGET_NAME = HalftimePick;
			};
			name = Debug;
		};
		CABEF2BF2998CEFA00751299 /* Release */ = {
			isa = XCBuildConfiguration;
			baseConfigurationReference = DDFEC1DB6DDF9CF965317D46 /* Pods-HalftimePick-HalftimePickUITests.release.xcconfig */;
			buildSettings = {
				ALWAYS_EMBED_SWIFT_STANDARD_LIBRARIES = YES;
				CODE_SIGN_STYLE = Automatic;
				CURRENT_PROJECT_VERSION = 1;
				DEVELOPMENT_TEAM = NL2T9J78U9;
				GENERATE_INFOPLIST_FILE = YES;
				MARKETING_VERSION = 1.0;
				PRODUCT_BUNDLE_IDENTIFIER = com.halftimepick.HalftimePickUITests;
				PRODUCT_NAME = "$(TARGET_NAME)";
				SWIFT_EMIT_LOC_STRINGS = NO;
				SWIFT_VERSION = 5.0;
				TARGETED_DEVICE_FAMILY = "1,2";
				TEST_TARGET_NAME = HalftimePick;
			};
			name = Release;
		};
/* End XCBuildConfiguration section */

/* Begin XCConfigurationList section */
		CABEF2882998CEF900751299 /* Build configuration list for PBXProject "HalftimePick" */ = {
			isa = XCConfigurationList;
			buildConfigurations = (
				CABEF2B52998CEFA00751299 /* Debug */,
				CABEF2B62998CEFA00751299 /* Release */,
			);
			defaultConfigurationIsVisible = 0;
			defaultConfigurationName = Release;
		};
		CABEF2B72998CEFA00751299 /* Build configuration list for PBXNativeTarget "HalftimePick" */ = {
			isa = XCConfigurationList;
			buildConfigurations = (
				CABEF2B82998CEFA00751299 /* Debug */,
				CABEF2B92998CEFA00751299 /* Release */,
			);
			defaultConfigurationIsVisible = 0;
			defaultConfigurationName = Release;
		};
		CABEF2BA2998CEFA00751299 /* Build configuration list for PBXNativeTarget "HalftimePickTests" */ = {
			isa = XCConfigurationList;
			buildConfigurations = (
				CABEF2BB2998CEFA00751299 /* Debug */,
				CABEF2BC2998CEFA00751299 /* Release */,
			);
			defaultConfigurationIsVisible = 0;
			defaultConfigurationName = Release;
		};
		CABEF2BD2998CEFA00751299 /* Build configuration list for PBXNativeTarget "HalftimePickUITests" */ = {
			isa = XCConfigurationList;
			buildConfigurations = (
				CABEF2BE2998CEFA00751299 /* Debug */,
				CABEF2BF2998CEFA00751299 /* Release */,
			);
			defaultConfigurationIsVisible = 0;
			defaultConfigurationName = Release;
		};
/* End XCConfigurationList section */
	};
	rootObject = CABEF2852998CEF900751299 /* Project object */;
}
